
Microsoft Visual Studio Solution File, Format Version 10.00
# Visual Studio 2008
Project("{FAE04EC0-301F-11D3-BF4B-00C04F79EFBC}") = "jackal", "jackal\jackal.csproj", "{A27396CD-34E0-47B7-BC84-88F9200E1ACB}"
EndProject
Global
	GlobalSection(SolutionConfigurationPlatforms) = preSolution
		Debug|Any CPU = Debug|Any CPU
		Release|Any CPU = Release|Any CPU
	EndGlobalSection
	GlobalSection(ProjectConfigurationPlatforms) = postSolution
		{A27396CD-34E0-47B7-BC84-88F9200E1ACB}.Debug|Any CPU.ActiveCfg = Debug|Any CPU
		{A27396CD-34E0-47B7-BC84-88F9200E1ACB}.Debug|Any CPU.Build.0 = Debug|Any CPU
		{A27396CD-34E0-47B7-BC84-88F9200E1ACB}.Release|Any CPU.ActiveCfg = Release|Any CPU
		{A27396CD-34E0-47B7-BC84-88F9200E1ACB}.Release|Any CPU.Build.0 = Release|Any CPU
	EndGlobalSection
	GlobalSection(SolutionProperties) = preSolution
		HideSolutionNode = FALSE
	EndGlobalSection
EndGlobal
